<?xml version="1.0" encoding="utf-8"?>
<Project ToolsVersion="4.0" xmlns="http://schemas.microsoft.com/developer/msbuild/2003">
  <ItemGroup>
    <ClCompile Include="..\src\clock.c">
      <Filter>Source Files</Filter>
    </ClCompile>
    <ClCompile Include="..\src\common.c">
      <Filter>Source Files</Filter>
    </ClCompile>
    <ClCompile Include="..\src\game.c">
      <Filter>Source Files</Filter>
    </ClCompile>
    <ClCompile Include="..\src\input_handler.c">
      <Filter>Source Files</Filter>
    </ClCompile>
    <ClCompile Include="..\src\input_state.c">
      <Filter>Source Files</Filter>
    </ClCompile>
    <ClCompile Include="..\src\render_objects.c">
      <Filter>Source Files</Filter>
    </ClCompile>
    <ClCompile Include="..\src\main.c">
      <Filter>Source Files</Filter>
    </ClCompile>
    <ClCompile Include="..\src\render_states.c">
      <Filter>Source Files</Filter>
    </ClCompile>
    <ClCompile Include="..\src\renderer.c">
      <Filter>Source Files</Filter>
    </ClCompile>
    <ClCompile Include="..\src\time_util.c">
      <Filter>Source Files</Filter>
    </ClCompile>
    <ClCompile Include="..\src\window.c">
      <Filter>Source Files</Filter>
    </ClCompile>
    <ClCompile Include="..\src\map.c">
      <Filter>Source Files</Filter>
    </ClCompile>
    <ClCompile Include="..\src\random.c">
      <Filter>Source Files</Filter>
    </ClCompile>
    <ClCompile Include="..\src\entity.c">
      <Filter>Source Files</Filter>
    </ClCompile>
    <ClCompile Include="..\src\actor.c">
      <Filter>Source Files</Filter>
    </ClCompile>
    <ClCompile Include="..\src\sprite.c">
      <Filter>Source Files</Filter>
    </ClCompile>
    <ClCompile Include="..\src\sprite_texture.c">
      <Filter>Source Files</Filter>
    </ClCompile>
    <ClCompile Include="..\src\math_util.c">
      <Filter>Source Files</Filter>
    </ClCompile>
    <ClCompile Include="..\src\physics.c">
      <Filter>Source Files</Filter>
    </ClCompile>
    <ClCompile Include="..\src\menu.c">
      <Filter>Source Files</Filter>
    </ClCompile>
    <ClCompile Include="..\src\battle.c">
      <Filter>Source Files</Filter>
    </ClCompile>
    <ClCompile Include="..\src\text_util.c">
      <Filter>Source Files</Filter>
    </ClCompile>
    <ClCompile Include="..\src\character.c">
      <Filter>Source Files</Filter>
    </ClCompile>
    <ClCompile Include="..\src\battle_stats.c">
      <Filter>Source Files</Filter>
    </ClCompile>
  </ItemGroup>
  <ItemGroup>
    <ClInclude Include="..\src\clock.h">
      <Filter>Header Files</Filter>
    </ClInclude>
    <ClInclude Include="..\src\common.h">
      <Filter>Header Files</Filter>
    </ClInclude>
    <ClInclude Include="..\src\game.h">
      <Filter>Header Files</Filter>
    </ClInclude>
    <ClInclude Include="..\src\input_handler.h">
      <Filter>Header Files</Filter>
    </ClInclude>
    <ClInclude Include="..\src\input_state.h">
      <Filter>Header Files</Filter>
    </ClInclude>
    <ClInclude Include="..\src\render_objects.h">
      <Filter>Header Files</Filter>
    </ClInclude>
    <ClInclude Include="..\src\render_states.h">
      <Filter>Header Files</Filter>
    </ClInclude>
    <ClInclude Include="..\src\renderer.h">
      <Filter>Header Files</Filter>
    </ClInclude>
    <ClInclude Include="..\src\strings.h">
      <Filter>Header Files</Filter>
    </ClInclude>
    <ClInclude Include="..\src\time_util.h">
      <Filter>Header Files</Filter>
    </ClInclude>
    <ClInclude Include="..\src\window.h">
      <Filter>Header Files</Filter>
    </ClInclude>
    <ClInclude Include="..\src\map.h">
      <Filter>Header Files</Filter>
    </ClInclude>
    <ClInclude Include="..\src\random.h">
      <Filter>Header Files</Filter>
    </ClInclude>
    <ClInclude Include="..\src\entity.h">
      <Filter>Header Files</Filter>
    </ClInclude>
    <ClInclude Include="..\src\enums.h">
      <Filter>Header Files</Filter>
    </ClInclude>
    <ClInclude Include="..\src\actor.h">
      <Filter>Header Files</Filter>
    </ClInclude>
    <ClInclude Include="..\src\sprite.h">
      <Filter>Header Files</Filter>
    </ClInclude>
    <ClInclude Include="..\src\sprite_texture.h">
      <Filter>Header Files</Filter>
    </ClInclude>
    <ClInclude Include="..\src\math_util.h">
      <Filter>Header Files</Filter>
    </ClInclude>
    <ClInclude Include="..\src\physics.h">
      <Filter>Header Files</Filter>
    </ClInclude>
    <ClInclude Include="..\src\menu.h">
      <Filter>Header Files</Filter>
    </ClInclude>
    <ClInclude Include="..\src\battle.h">
      <Filter>Header Files</Filter>
    </ClInclude>
    <ClInclude Include="..\src\text_util.h">
      <Filter>Header Files</Filter>
    </ClInclude>
    <ClInclude Include="..\src\character.h">
      <Filter>Header Files</Filter>
    </ClInclude>
    <ClInclude Include="..\src\battle_stats.h">
      <Filter>Header Files</Filter>
    </ClInclude>
  </ItemGroup>
  <ItemGroup>
    <Filter Include="Source Files">
      <UniqueIdentifier>{171953cd-2280-4bee-a912-002bac0ca1b4}</UniqueIdentifier>
    </Filter>
    <Filter Include="Header Files">
      <UniqueIdentifier>{08fbb6e8-4eba-42b7-b401-52795b6bd530}</UniqueIdentifier>
    </Filter>
    <Filter Include="Resources">
      <UniqueIdentifier>{19d7cdc2-72a7-4db6-9a73-57957c0f76cd}</UniqueIdentifier>
    </Filter>
    <Filter Include="Resources\Fonts">
      <UniqueIdentifier>{3efe0548-40f2-4879-b945-c62b0cef6947}</UniqueIdentifier>
    </Filter>
  </ItemGroup>
  <ItemGroup>
    <Font Include="..\src\resources\fonts\consolas.ttf">
      <Filter>Resources\Fonts</Filter>
    </Font>
  </ItemGroup>
</Project>